
Microsoft Visual Studio Solution File, Format Version 12.00
# Visual Studio Version 17
VisualStudioVersion = 17.2.32526.322
MinimumVisualStudioVersion = 10.0.40219.1
Project("{9A19103F-16F7-4668-BE54-9A1E7A4F7556}") = "ILAsm.Managed.Core", "ILAsm.Managed.Core\ILAsm.Managed.Core.csproj", "{ED384E9E-56E1-4AEB-B92B-7E270425D70E}"
EndProject
Project("{2150E333-8FDC-42A3-9474-1A3956D46DE8}") = "Solution Items", "Solution Items", "{D0A2805B-C8F3-45B7-9E7A-179D061ED610}"
	ProjectSection(SolutionItems) = preProject
		.gitignore = .gitignore
		build-nupkg.bat = build-nupkg.bat
		build-nupkg.sh = build-nupkg.sh
		Directory.Build.props = Directory.Build.props
		LICENSE = LICENSE
		README.md = README.md
	EndProjectSection
EndProject
Project("{9A19103F-16F7-4668-BE54-9A1E7A4F7556}") = "ILAsm.Managed", "ILAsm.Managed\ILAsm.Managed.csproj", "{02460F37-93DF-4F31-89FB-42C16823F080}"
EndProject
Global
	GlobalSection(SolutionConfigurationPlatforms) = preSolution
		Debug|Any CPU = Debug|Any CPU
		Release|Any CPU = Release|Any CPU
	EndGlobalSection
	GlobalSection(ProjectConfigurationPlatforms) = postSolution
		{ED384E9E-56E1-4AEB-B92B-7E270425D70E}.Debug|Any CPU.ActiveCfg = Debug|Any CPU
		{ED384E9E-56E1-4AEB-B92B-7E270425D70E}.Debug|Any CPU.Build.0 = Debug|Any CPU
		{ED384E9E-56E1-4AEB-B92B-7E270425D70E}.Release|Any CPU.ActiveCfg = Release|Any CPU
		{ED384E9E-56E1-4AEB-B92B-7E270425D70E}.Release|Any CPU.Build.0 = Release|Any CPU
		{02460F37-93DF-4F31-89FB-42C16823F080}.Debug|Any CPU.ActiveCfg = Debug|Any CPU
		{02460F37-93DF-4F31-89FB-42C16823F080}.Debug|Any CPU.Build.0 = Debug|Any CPU
		{02460F37-93DF-4F31-89FB-42C16823F080}.Release|Any CPU.ActiveCfg = Release|Any CPU
		{02460F37-93DF-4F31-89FB-42C16823F080}.Release|Any CPU.Build.0 = Release|Any CPU
	EndGlobalSection
	GlobalSection(SolutionProperties) = preSolution
		HideSolutionNode = FALSE
	EndGlobalSection
	GlobalSection(ExtensibilityGlobals) = postSolution
		SolutionGuid = {13A62361-54C1-4974-8F94-EC54F253408E}
	EndGlobalSection
EndGlobal
